{
  "name": "2-connect-from-client",
  "version": "0.1.0",
  "lockfileVersion": 1,
  "requires": true,
  "dependencies": {
    "@tanker/core": {
      "version": "1.6.2",
      "resolved": "https://registry.npmjs.org/@tanker/core/-/core-1.6.2.tgz",
      "integrity": "sha512-5B5YCtwH7kBpTm8bZhZJ89Adyh5fMICGL2X96nRrxiNSptlRVkoFkfjycDM+4jib2PimvAlSJWMH6MhyQQrxXQ==",
      "requires": {
        "@tanker/crypto": "1.6.2",
        "array.chunk": "1.1.0",
        "async-mutex": "0.1.3",
        "babel-runtime": "6.26.0",
        "engine.io-client": "git+https://github.com/SuperTanker/engine.io-client.git#cfb6fa113fb5dc22e08777bd8fc6b6701f00ba67",
        "pouchdb-adapter-idb": "6.4.3",
        "pouchdb-adapter-websql": "6.4.3",
        "pouchdb-core": "6.4.3",
        "pouchdb-find": "6.4.3",
        "socket.io-client": "git+https://github.com/SuperTanker/socket.io-client.git#310afdafadb4cc97ca36c0b7b5c4bc39a1c859da",
        "varint": "5.0.0"
      }
    },
    "@tanker/crypto": {
      "version": "1.6.2",
      "resolved": "https://registry.npmjs.org/@tanker/crypto/-/crypto-1.6.2.tgz",
      "integrity": "sha512-RWZ07WUYV2H9QKjPfJXzrpliDn5kzzZeyWeTX6ayzwljKdYdYj1EaNRgvNLpMrN//wcMf1tlSJGAGRRg0BPrqA==",
      "requires": {
        "babel-runtime": "6.26.0",
        "libsodium-wrappers": "0.5.4"
      }
    },
    "after": {
      "version": "0.8.2",
      "resolved": "https://registry.npmjs.org/after/-/after-0.8.2.tgz",
      "integrity": "sha1-/ts5T58OAqqXaOcCvaI7UF+ufh8="
    },
    "argsarray": {
      "version": "0.0.1",
      "resolved": "https://registry.npmjs.org/argsarray/-/argsarray-0.0.1.tgz",
      "integrity": "sha1-bnIHtOzbObCviDA/pa4ivajfYcs="
    },
    "array.chunk": {
      "version": "1.1.0",
      "resolved": "https://registry.npmjs.org/array.chunk/-/array.chunk-1.1.0.tgz",
      "integrity": "sha1-Qf2RjehlvQ59UOYHb1lq/3vOrB8="
    },
    "arraybuffer.slice": {
      "version": "0.0.7",
      "resolved": "https://registry.npmjs.org/arraybuffer.slice/-/arraybuffer.slice-0.0.7.tgz",
      "integrity": "sha512-wGUIVQXuehL5TCqQun8OW81jGzAWycqzFF8lFp+GOM5BXLYj3bKNsYC4daB7n6XjCqxQA/qgTJ+8ANR3acjrog=="
    },
    "async-mutex": {
      "version": "0.1.3",
      "resolved": "https://registry.npmjs.org/async-mutex/-/async-mutex-0.1.3.tgz",
      "integrity": "sha1-Cq0hEjaXlas/F+M3RFVtLs9UdWY="
    },
    "attempt-x": {
      "version": "1.1.3",
      "resolved": "https://registry.npmjs.org/attempt-x/-/attempt-x-1.1.3.tgz",
      "integrity": "sha512-y/+ek8IjxVpTbj/phC87jK5YRhlP5Uu7FlQdCmYuut1DTjNruyrGqUWi5bcX1VKsQX1B0FX16A1hqHomKpHv3A=="
    },
    "babel-runtime": {
      "version": "6.26.0",
      "resolved": "https://registry.npmjs.org/babel-runtime/-/babel-runtime-6.26.0.tgz",
      "integrity": "sha1-llxwWGaOgrVde/4E/yM3vItWR/4=",
      "requires": {
        "core-js": "2.5.6",
        "regenerator-runtime": "0.11.1"
      }
    },
    "backo2": {
      "version": "1.0.2",
      "resolved": "https://registry.npmjs.org/backo2/-/backo2-1.0.2.tgz",
      "integrity": "sha1-MasayLEpNjRj41s+u2n038+6eUc="
    },
    "base64-arraybuffer": {
      "version": "0.1.5",
      "resolved": "https://registry.npmjs.org/base64-arraybuffer/-/base64-arraybuffer-0.1.5.tgz",
      "integrity": "sha1-c5JncZI7Whl0etZmqlzUv5xunOg="
    },
    "better-assert": {
      "version": "1.0.2",
      "resolved": "https://registry.npmjs.org/better-assert/-/better-assert-1.0.2.tgz",
      "integrity": "sha1-QIZrnhueC1W0gYlDEeaPr/rrxSI=",
      "requires": {
        "callsite": "1.0.0"
      }
    },
    "blob": {
      "version": "0.0.4",
      "resolved": "https://registry.npmjs.org/blob/-/blob-0.0.4.tgz",
      "integrity": "sha1-vPEwUspURj8w+fx+lbmkdjCpSSE="
    },
    "buffer-from": {
      "version": "0.1.1",
      "resolved": "https://registry.npmjs.org/buffer-from/-/buffer-from-0.1.1.tgz",
      "integrity": "sha1-V7GLHaChnsBvM4N6UnWiQjUb114=",
      "requires": {
        "is-array-buffer-x": "1.7.0"
      }
    },
    "cached-constructors-x": {
      "version": "1.0.2",
      "resolved": "https://registry.npmjs.org/cached-constructors-x/-/cached-constructors-x-1.0.2.tgz",
      "integrity": "sha512-7lKwmwXweW6E/31RHAJemLtZPfb2xvcABXknFF4b/dNYv4DbSGTgQHckXLQkNw6BB4HKFYW6mJgsNjADAy1ehw=="
    },
    "callsite": {
      "version": "1.0.0",
      "resolved": "https://registry.npmjs.org/callsite/-/callsite-1.0.0.tgz",
      "integrity": "sha1-KAOY5dZkvXQDi28JBRU+borxvCA="
    },
    "clone-buffer": {
      "version": "1.0.0",
      "resolved": "https://registry.npmjs.org/clone-buffer/-/clone-buffer-1.0.0.tgz",
      "integrity": "sha1-4+JbIHrE5wGvch4staFnksrD3Fg="
    },
    "component-bind": {
      "version": "1.0.0",
      "resolved": "https://registry.npmjs.org/component-bind/-/component-bind-1.0.0.tgz",
      "integrity": "sha1-AMYIq33Nk4l8AAllGx06jh5zu9E="
    },
    "component-emitter": {
      "version": "1.2.1",
      "resolved": "https://registry.npmjs.org/component-emitter/-/component-emitter-1.2.1.tgz",
      "integrity": "sha1-E3kY1teCg/ffemt8WmPhQOaUJeY="
    },
    "component-inherit": {
      "version": "0.0.3",
      "resolved": "https://registry.npmjs.org/component-inherit/-/component-inherit-0.0.3.tgz",
      "integrity": "sha1-ZF/ErfWLcrZJ1crmUTVhnbJv8UM="
    },
    "core-js": {
      "version": "2.5.6",
      "resolved": "https://registry.npmjs.org/core-js/-/core-js-2.5.6.tgz",
      "integrity": "sha512-lQUVfQi0aLix2xpyjrrJEvfuYCqPc/HwmTKsC/VNf8q0zsjX7SQZtp4+oRONN5Tsur9GDETPjj+Ub2iDiGZfSQ=="
    },
    "debug": {
      "version": "2.6.4",
      "resolved": "https://registry.npmjs.org/debug/-/debug-2.6.4.tgz",
      "integrity": "sha1-dYaps8OXQcAoKuM0RcTorHRzT+A=",
      "requires": {
        "ms": "0.7.3"
      }
    },
    "engine.io-client": {
      "version": "git+https://github.com/SuperTanker/engine.io-client.git#cfb6fa113fb5dc22e08777bd8fc6b6701f00ba67",
      "requires": {
        "component-emitter": "1.2.1",
        "component-inherit": "0.0.3",
        "debug": "2.6.4",
        "engine.io-parser": "2.1.2",
        "has-cors": "1.1.0",
        "indexof": "0.0.1",
        "parsejson": "0.0.3",
        "parseqs": "0.0.5",
        "parseuri": "0.0.5",
        "ws": "2.3.1",
        "xmlhttprequest-ssl": "1.5.3",
        "yeast": "0.1.2"
      }
    },
    "engine.io-parser": {
      "version": "2.1.2",
      "resolved": "https://registry.npmjs.org/engine.io-parser/-/engine.io-parser-2.1.2.tgz",
      "integrity": "sha512-dInLFzr80RijZ1rGpx1+56/uFoH7/7InhH3kZt+Ms6hT8tNx3NGW/WNSA/f8As1WkOfkuyb3tnRyuXGxusclMw==",
      "requires": {
        "after": "0.8.2",
        "arraybuffer.slice": "0.0.7",
        "base64-arraybuffer": "0.1.5",
        "blob": "0.0.4",
        "has-binary2": "1.0.3"
      }
    },
    "has-binary2": {
      "version": "1.0.3",
      "resolved": "https://registry.npmjs.org/has-binary2/-/has-binary2-1.0.3.tgz",
      "integrity": "sha512-G1LWKhDSvhGeAQ8mPVQlqNcOB2sJdwATtZKl2pDKKHfpf/rYj24lkinxf69blJbnsvtqqNU+L3SL50vzZhXOnw==",
      "requires": {
        "isarray": "2.0.1"
      }
    },
    "has-cors": {
      "version": "1.1.0",
      "resolved": "https://registry.npmjs.org/has-cors/-/has-cors-1.1.0.tgz",
      "integrity": "sha1-XkdHk/fqmEPRu5nCPu9J/xJv/zk="
    },
    "has-own-property-x": {
      "version": "3.2.0",
      "resolved": "https://registry.npmjs.org/has-own-property-x/-/has-own-property-x-3.2.0.tgz",
      "integrity": "sha512-HtRQTYpRFz/YVaQ7jh2mU5iorMAxFcML9FNOLMI1f8VNJ2K0hpOlXoi1a+nmVl6oUcGnhd6zYOFAVe7NUFStyQ==",
      "requires": {
        "cached-constructors-x": "1.0.2",
        "to-object-x": "1.5.0",
        "to-property-key-x": "2.0.2"
      }
    },
    "has-symbol-support-x": {
      "version": "1.4.2",
      "resolved": "https://registry.npmjs.org/has-symbol-support-x/-/has-symbol-support-x-1.4.2.tgz",
      "integrity": "sha512-3ToOva++HaW+eCpgqZrCfN51IPB+7bJNVT6CUATzueB5Heb8o6Nam0V3HG5dlDvZU1Gn5QLcbahiKw/XVk5JJw=="
    },
    "has-to-string-tag-x": {
      "version": "1.4.1",
      "resolved": "https://registry.npmjs.org/has-to-string-tag-x/-/has-to-string-tag-x-1.4.1.tgz",
      "integrity": "sha512-vdbKfmw+3LoOYVr+mtxHaX5a96+0f3DljYd8JOqvOLsf5mw2Otda2qCDT9qRqLAhrjyQ0h7ual5nOiASpsGNFw==",
      "requires": {
        "has-symbol-support-x": "1.4.2"
      }
    },
    "immediate": {
      "version": "3.0.6",
      "resolved": "https://registry.npmjs.org/immediate/-/immediate-3.0.6.tgz",
      "integrity": "sha1-nbHb0Pr43m++D13V5Wu2BigN5ps="
    },
    "indexof": {
      "version": "0.0.1",
      "resolved": "https://registry.npmjs.org/indexof/-/indexof-0.0.1.tgz",
      "integrity": "sha1-gtwzbSMrkGIXnQWrMpOmYFn9Q10="
    },
    "infinity-x": {
      "version": "1.0.2",
      "resolved": "https://registry.npmjs.org/infinity-x/-/infinity-x-1.0.2.tgz",
      "integrity": "sha512-2Ioz+exrAwlHxFBaDHQIbvUyjKFt0YjIal34/agfzx738aT1zBQwSU5A8Zgb1IQ2r24BtXrkeZZusxE40MyZaQ=="
    },
    "inherits": {
      "version": "2.0.3",
      "resolved": "https://registry.npmjs.org/inherits/-/inherits-2.0.3.tgz",
      "integrity": "sha1-Yzwsg+PaQqUC9SRmAiSA9CCCYd4="
    },
    "is-array-buffer-x": {
      "version": "1.7.0",
      "resolved": "https://registry.npmjs.org/is-array-buffer-x/-/is-array-buffer-x-1.7.0.tgz",
      "integrity": "sha512-ufSZRMY2WZX5xyNvk0NOZAG7cgi35B/sGQDGqv8w0X7MoQ2GC9vedanJhuYTPaC4PUCqLQsda1w7NF+dPZmAJw==",
      "requires": {
        "attempt-x": "1.1.3",
        "has-to-string-tag-x": "1.4.1",
        "is-object-like-x": "1.7.1",
        "object-get-own-property-descriptor-x": "3.2.0",
        "to-string-tag-x": "1.4.3"
      }
    },
    "is-date-object": {
      "version": "1.0.1",
      "resolved": "https://registry.npmjs.org/is-date-object/-/is-date-object-1.0.1.tgz",
      "integrity": "sha1-mqIOtq7rv/d/vTPnTKAbM1gdOhY="
    },
    "is-falsey-x": {
      "version": "1.0.3",
      "resolved": "https://registry.npmjs.org/is-falsey-x/-/is-falsey-x-1.0.3.tgz",
      "integrity": "sha512-RWjusR6LXAhGa0Vus7aD1rwJuJwdJsvG3daAVMDvOAgvGuGm4eilNgoSuXhpv2/2qpLDvioAKTNb3t3XYidCNg==",
      "requires": {
        "to-boolean-x": "1.0.3"
      }
    },
    "is-finite-x": {
      "version": "3.0.4",
      "resolved": "https://registry.npmjs.org/is-finite-x/-/is-finite-x-3.0.4.tgz",
      "integrity": "sha512-wdSI5zk/Pl21HzGcLWFoFzuDa8gsgcqhwZGAZryL2eU7RKf7+g+q4jL2gGItrBs/YtspkjOrJ4JxXNZqquoAWA==",
      "requires": {
        "infinity-x": "1.0.2",
        "is-nan-x": "1.0.3"
      }
    },
    "is-function-x": {
      "version": "3.3.0",
      "resolved": "https://registry.npmjs.org/is-function-x/-/is-function-x-3.3.0.tgz",
      "integrity": "sha512-SreSSU1dlgYaXR5c0mm4qJHKYHIiGiEY+7Cd8/aRLLoMP/VvofD2XcWgBnP833ajpU5XzXbUSpfysnfKZLJFlg==",
      "requires": {
        "attempt-x": "1.1.3",
        "has-to-string-tag-x": "1.4.1",
        "is-falsey-x": "1.0.3",
        "is-primitive": "2.0.0",
        "normalize-space-x": "3.0.0",
        "replace-comments-x": "2.0.0",
        "to-boolean-x": "1.0.3",
        "to-string-tag-x": "1.4.3"
      },
      "dependencies": {
        "is-primitive": {
          "version": "2.0.0",
          "resolved": "https://registry.npmjs.org/is-primitive/-/is-primitive-2.0.0.tgz",
          "integrity": "sha1-IHurkWOEmcB7Kt8kCkGochADRXU="
        }
      }
    },
    "is-index-x": {
      "version": "1.1.0",
      "resolved": "https://registry.npmjs.org/is-index-x/-/is-index-x-1.1.0.tgz",
      "integrity": "sha512-qULKLMepQLGC8rSVdi8uF2vI4LiDrU9XSDg1D+Aa657GIB7GV1jHpga7uXgQvkt/cpQ5mVBHUFTpSehYSqT6+A==",
      "requires": {
        "math-clamp-x": "1.2.0",
        "max-safe-integer": "1.0.1",
        "to-integer-x": "3.0.0",
        "to-number-x": "2.0.0",
        "to-string-symbols-supported-x": "1.0.2"
      }
    },
    "is-nan-x": {
      "version": "1.0.3",
      "resolved": "https://registry.npmjs.org/is-nan-x/-/is-nan-x-1.0.3.tgz",
      "integrity": "sha512-WenNBLVGSZID8shogsB++42vF7gvotCfneXM9KMCAKwNPXa8VfAu/RWwpqvnK7dLOP4Z7uitocb0TZ6rAiOccA=="
    },
    "is-nil-x": {
      "version": "1.4.2",
      "resolved": "https://registry.npmjs.org/is-nil-x/-/is-nil-x-1.4.2.tgz",
      "integrity": "sha512-9aDY7ir7IGb5HlgqL+b38v2YMxf8S7MEHHxjHGzUhijg2crq47RKdxL37bS6dU0VN87wy2IBZP4akgQtIXmyvg==",
      "requires": {
        "lodash.isnull": "3.0.0",
        "validate.io-undefined": "1.0.3"
      }
    },
    "is-object-like-x": {
      "version": "1.7.1",
      "resolved": "https://registry.npmjs.org/is-object-like-x/-/is-object-like-x-1.7.1.tgz",
      "integrity": "sha512-89nz+kESAW2Y7udq+PdRX/dZnRN2WP1b19Gdv4OYE1Xjoekn1xf31l0ZPzT40qdPD7I2nveNFm9rxxI0vmnGHA==",
      "requires": {
        "is-function-x": "3.3.0",
        "is-primitive": "3.0.0"
      }
    },
    "is-primitive": {
      "version": "3.0.0",
      "resolved": "https://registry.npmjs.org/is-primitive/-/is-primitive-3.0.0.tgz",
      "integrity": "sha512-Qch+MMfMdu7DMY6XElM7LUJKPmkbXdTqNhqyehVflzis2a8Zd9V6U8qZybb32uUSmlO/dNmg3fsA5t0Q9TC0mA=="
    },
    "is-string": {
      "version": "1.0.4",
      "resolved": "https://registry.npmjs.org/is-string/-/is-string-1.0.4.tgz",
      "integrity": "sha1-zDqbaYV9Yh6WNyWiTK7shzuCbmQ="
    },
    "is-symbol": {
      "version": "1.0.1",
      "resolved": "https://registry.npmjs.org/is-symbol/-/is-symbol-1.0.1.tgz",
      "integrity": "sha1-PMWfAAJRlLarLjjbrmaJJWtmBXI="
    },
    "isarray": {
      "version": "2.0.1",
      "resolved": "https://registry.npmjs.org/isarray/-/isarray-2.0.1.tgz",
      "integrity": "sha1-o32U7ZzaLVmGXJ92/llu4fM4dB4="
    },
    "libsodium": {
      "version": "0.5.4",
      "resolved": "https://registry.npmjs.org/libsodium/-/libsodium-0.5.4.tgz",
      "integrity": "sha512-s1TQ2V23JvGby1gnCQEQncTNTGck/rtJPPA8c0TiBo9z9TpT4eUk5zThte8H1TkdoKQznneqZqyoqdrwu2btWw=="
    },
    "libsodium-wrappers": {
      "version": "0.5.4",
      "resolved": "https://registry.npmjs.org/libsodium-wrappers/-/libsodium-wrappers-0.5.4.tgz",
      "integrity": "sha512-dAYsfQgh6XwR4I65y7T5qDgb2XNKDpzXEXz229sDplaJfnAuIBTHBYlQ44jL5DIS4cCUspE3+g0kF4/Xe8286A==",
      "requires": {
        "libsodium": "0.5.4"
      }
    },
    "lie": {
      "version": "3.1.1",
      "resolved": "https://registry.npmjs.org/lie/-/lie-3.1.1.tgz",
      "integrity": "sha1-mkNrLMd0bKWd56QfpGmz77dr2H4=",
      "requires": {
        "immediate": "3.0.6"
      }
    },
    "lodash.isnull": {
      "version": "3.0.0",
      "resolved": "https://registry.npmjs.org/lodash.isnull/-/lodash.isnull-3.0.0.tgz",
      "integrity": "sha1-+vvlnqHcon7teGU0A53YTC4HxW4="
    },
    "math-clamp-x": {
      "version": "1.2.0",
      "resolved": "https://registry.npmjs.org/math-clamp-x/-/math-clamp-x-1.2.0.tgz",
      "integrity": "sha512-tqpjpBcIf9UulApz3EjWXqTZpMlr2vLN9PryC9ghoyCuRmqZaf3JJhPddzgQpJnKLi2QhoFnvKBFtJekAIBSYg==",
      "requires": {
        "to-number-x": "2.0.0"
      }
    },
    "math-sign-x": {
      "version": "3.0.0",
      "resolved": "https://registry.npmjs.org/math-sign-x/-/math-sign-x-3.0.0.tgz",
      "integrity": "sha512-OzPas41Pn4d16KHnaXmGxxY3/l3zK4OIXtmIwdhgZsxz4FDDcNnbrABYPg2vGfxIkaT9ezGnzDviRH7RfF44jQ==",
      "requires": {
        "is-nan-x": "1.0.3",
        "to-number-x": "2.0.0"
      }
    },
    "max-safe-integer": {
      "version": "1.0.1",
      "resolved": "https://registry.npmjs.org/max-safe-integer/-/max-safe-integer-1.0.1.tgz",
      "integrity": "sha1-84BgvixWPYwC5tSK85Ei/YO29BA="
    },
    "ms": {
      "version": "0.7.3",
      "resolved": "https://registry.npmjs.org/ms/-/ms-0.7.3.tgz",
      "integrity": "sha1-cIFVpeROM/X9D8U+gdDUCpG+H/8="
    },
    "nan-x": {
      "version": "1.0.2",
      "resolved": "https://registry.npmjs.org/nan-x/-/nan-x-1.0.2.tgz",
      "integrity": "sha512-dndRmy03JQEN+Nh6WjQl7/OstIozeEmrtWe4TE7mEqJ8W8oMD8m2tHjsLPWt//e3hLAeRSbs4pxMyc5pk/nCkQ=="
    },
    "node-env-file": {
      "version": "0.1.8",
      "resolved": "https://registry.npmjs.org/node-env-file/-/node-env-file-0.1.8.tgz",
      "integrity": "sha1-/Mt7BQ9zW1oz2p65N89vGrRX+2k="
    },
    "normalize-space-x": {
      "version": "3.0.0",
      "resolved": "https://registry.npmjs.org/normalize-space-x/-/normalize-space-x-3.0.0.tgz",
      "integrity": "sha512-tbCJerqZCCHPst4rRKgsTanLf45fjOyeAU5zE3mhDxJtFJKt66q39g2XArWhXelgTFVib8mNBUm6Wrd0LxYcfQ==",
      "requires": {
        "cached-constructors-x": "1.0.2",
        "trim-x": "3.0.0",
        "white-space-x": "3.0.1"
      }
    },
    "object-component": {
      "version": "0.0.3",
      "resolved": "https://registry.npmjs.org/object-component/-/object-component-0.0.3.tgz",
      "integrity": "sha1-8MaapQ78lbhmwYb0AKM3acsvEpE="
    },
    "object-get-own-property-descriptor-x": {
      "version": "3.2.0",
      "resolved": "https://registry.npmjs.org/object-get-own-property-descriptor-x/-/object-get-own-property-descriptor-x-3.2.0.tgz",
      "integrity": "sha512-Z/0fIrptD9YuzN+SNK/1kxAEaBcPQM4gSrtOSMSi9eplnL/AbyQcAyAlreAoAzmBon+DQ1Z+AdhxyQSvav5Fyg==",
      "requires": {
        "attempt-x": "1.1.3",
        "has-own-property-x": "3.2.0",
        "has-symbol-support-x": "1.4.2",
        "is-falsey-x": "1.0.3",
        "is-index-x": "1.1.0",
        "is-primitive": "2.0.0",
        "is-string": "1.0.4",
        "property-is-enumerable-x": "1.1.0",
        "to-object-x": "1.5.0",
        "to-property-key-x": "2.0.2"
      },
      "dependencies": {
        "is-primitive": {
          "version": "2.0.0",
          "resolved": "https://registry.npmjs.org/is-primitive/-/is-primitive-2.0.0.tgz",
          "integrity": "sha1-IHurkWOEmcB7Kt8kCkGochADRXU="
        }
      }
    },
    "parse-int-x": {
      "version": "2.0.0",
      "resolved": "https://registry.npmjs.org/parse-int-x/-/parse-int-x-2.0.0.tgz",
      "integrity": "sha512-NIMm52gmd1+0qxJK8lV3OZ4zzWpRH1xcz9xCHXl+DNzddwUdS4NEtd7BmTeK7iCIXoaK5e6BoDMHgieH2eNIhg==",
      "requires": {
        "cached-constructors-x": "1.0.2",
        "nan-x": "1.0.2",
        "to-string-x": "1.4.5",
        "trim-left-x": "3.0.0"
      }
    },
    "parsejson": {
      "version": "0.0.3",
      "resolved": "https://registry.npmjs.org/parsejson/-/parsejson-0.0.3.tgz",
      "integrity": "sha1-q343WfIJ7OmUN5c/fQ8fZK4OZKs=",
      "requires": {
        "better-assert": "1.0.2"
      }
    },
    "parseqs": {
      "version": "0.0.5",
      "resolved": "https://registry.npmjs.org/parseqs/-/parseqs-0.0.5.tgz",
      "integrity": "sha1-1SCKNzjkZ2bikbouoXNoSSGouJ0=",
      "requires": {
        "better-assert": "1.0.2"
      }
    },
    "parseuri": {
      "version": "0.0.5",
      "resolved": "https://registry.npmjs.org/parseuri/-/parseuri-0.0.5.tgz",
      "integrity": "sha1-gCBKUNTbt3m/3G6+J3jZDkvOMgo=",
      "requires": {
        "better-assert": "1.0.2"
      }
    },
    "pouchdb-abstract-mapreduce": {
      "version": "6.4.3",
      "resolved": "https://registry.npmjs.org/pouchdb-abstract-mapreduce/-/pouchdb-abstract-mapreduce-6.4.3.tgz",
      "integrity": "sha512-omSNRtSf5S/O6SdIy3RV5ODdftL7x0txoBKo2BBr72Ji1r3460ftRfKzurRnHwTYTPzxAZYqm2IkRExSqQRfNQ==",
      "requires": {
        "pouchdb-binary-utils": "6.4.3",
        "pouchdb-collate": "6.4.3",
        "pouchdb-collections": "6.4.3",
        "pouchdb-mapreduce-utils": "6.4.3",
        "pouchdb-md5": "6.4.3",
        "pouchdb-promise": "6.4.3",
        "pouchdb-utils": "6.4.3"
      }
    },
    "pouchdb-adapter-idb": {
      "version": "6.4.3",
      "resolved": "https://registry.npmjs.org/pouchdb-adapter-idb/-/pouchdb-adapter-idb-6.4.3.tgz",
      "integrity": "sha512-AV/6P6oDQsFodBkI1aKthjxgdaIZhpivrSUHMkZFHO1tKGIUJL47uQgFl9EiTAl1Fnb/d3l9CKo7A8Gr/Ak7Kg==",
      "requires": {
        "pouchdb-adapter-utils": "6.4.3",
        "pouchdb-binary-utils": "6.4.3",
        "pouchdb-collections": "6.4.3",
        "pouchdb-errors": "6.4.3",
        "pouchdb-json": "6.4.3",
        "pouchdb-merge": "6.4.3",
        "pouchdb-promise": "6.4.3",
        "pouchdb-utils": "6.4.3"
      }
    },
    "pouchdb-adapter-utils": {
      "version": "6.4.3",
      "resolved": "https://registry.npmjs.org/pouchdb-adapter-utils/-/pouchdb-adapter-utils-6.4.3.tgz",
      "integrity": "sha512-P0BgU82tpGxr94CmSj6HA+/20AlQroaxjeHpBkbuntfCybl9TD2F0DJiKRPaU5RvTz6V+emHZQgmlrfHCs+Jhg==",
      "requires": {
        "pouchdb-binary-utils": "6.4.3",
        "pouchdb-collections": "6.4.3",
        "pouchdb-errors": "6.4.3",
        "pouchdb-md5": "6.4.3",
        "pouchdb-merge": "6.4.3",
        "pouchdb-promise": "6.4.3",
        "pouchdb-utils": "6.4.3"
      }
    },
    "pouchdb-adapter-websql": {
      "version": "6.4.3",
      "resolved": "https://registry.npmjs.org/pouchdb-adapter-websql/-/pouchdb-adapter-websql-6.4.3.tgz",
      "integrity": "sha512-2fYav0M/Eb5DZPVB/eSc0lUlSRDrnx4gfS//zH+6RwXrGJqeCQb3NmeEsCtgmq66fdZwueN/OGhXVXaiJ+OOFA==",
      "requires": {
        "pouchdb-adapter-websql-core": "6.4.3",
        "pouchdb-utils": "6.4.3"
      }
    },
    "pouchdb-adapter-websql-core": {
      "version": "6.4.3",
      "resolved": "https://registry.npmjs.org/pouchdb-adapter-websql-core/-/pouchdb-adapter-websql-core-6.4.3.tgz",
      "integrity": "sha512-AmmHVksmx6w9mv/YYETx9ZWjzqco4TNSHujfsozUFxUu8OPLHYPkZjiTZhxMvnEB0LAJJZL2Iswp+9avVyuG1Q==",
      "requires": {
        "pouchdb-adapter-utils": "6.4.3",
        "pouchdb-binary-utils": "6.4.3",
        "pouchdb-collections": "6.4.3",
        "pouchdb-errors": "6.4.3",
        "pouchdb-json": "6.4.3",
        "pouchdb-merge": "6.4.3",
        "pouchdb-utils": "6.4.3"
      }
    },
    "pouchdb-binary-utils": {
      "version": "6.4.3",
      "resolved": "https://registry.npmjs.org/pouchdb-binary-utils/-/pouchdb-binary-utils-6.4.3.tgz",
      "integrity": "sha512-eRKH/1eiZwrqNdAR3CL1XIIkq04I9hHIABHwIRboz1LjBSchKmaf4ZDngiWGDvRYT9Gl/MogGDGOk1WRMoV4wg==",
      "requires": {
        "buffer-from": "0.1.1"
      }
    },
    "pouchdb-changes-filter": {
      "version": "6.4.3",
      "resolved": "https://registry.npmjs.org/pouchdb-changes-filter/-/pouchdb-changes-filter-6.4.3.tgz",
      "integrity": "sha512-u90MocOmysuwXmKsz8dgDKGrbzYY/M2POghqGqy6PMUI3vzq4YEwGB/gWym06alI1pQzMKjpZ20KTzwRDC/6zQ==",
      "requires": {
        "pouchdb-errors": "6.4.3",
        "pouchdb-selector-core": "6.4.3",
        "pouchdb-utils": "6.4.3"
      }
    },
    "pouchdb-collate": {
      "version": "6.4.3",
      "resolved": "https://registry.npmjs.org/pouchdb-collate/-/pouchdb-collate-6.4.3.tgz",
      "integrity": "sha512-iwKAdc8vjLx8AzxBFnfV24Hp4FkbADTUcuQl/2IUOaF8JzZ/wVYa0DgBd+uErk2rj5yf1HxFp+5/9EgHV4PxAw=="
    },
    "pouchdb-collections": {
      "version": "6.4.3",
      "resolved": "https://registry.npmjs.org/pouchdb-collections/-/pouchdb-collections-6.4.3.tgz",
      "integrity": "sha512-uWb9+hvjiijeyrCeEz/FUND1oj0AQK/f166egBOTofNlAwQLNrJUTn+uJ34b3NODAmKhg7+ZeDVvnl9D2pijuQ=="
    },
    "pouchdb-core": {
      "version": "6.4.3",
      "resolved": "https://registry.npmjs.org/pouchdb-core/-/pouchdb-core-6.4.3.tgz",
      "integrity": "sha512-ZYYgdHdhDQBnnzuKsjhbi71SZO+/wRI1gk8b0u50LkXnDja0muhHX+fEAy3oHkybHOaal3u369XhPIV7TefWRQ==",
      "requires": {
        "argsarray": "0.0.1",
        "inherits": "2.0.3",
        "pouchdb-changes-filter": "6.4.3",
        "pouchdb-collections": "6.4.3",
        "pouchdb-debug": "6.4.3",
        "pouchdb-errors": "6.4.3",
        "pouchdb-merge": "6.4.3",
        "pouchdb-promise": "6.4.3",
        "pouchdb-utils": "6.4.3"
      }
    },
    "pouchdb-debug": {
      "version": "6.4.3",
      "resolved": "https://registry.npmjs.org/pouchdb-debug/-/pouchdb-debug-6.4.3.tgz",
      "integrity": "sha512-uU3JrSBJSREAN9mtXaaQTWgTukPx5ik6TyFx/0BrxonsJ8WWxqRWiuQKtCVOfTKP1XRUY0Ed9uKlS2iw1MmZtA==",
      "requires": {
        "debug": "3.1.0"
      },
      "dependencies": {
        "debug": {
          "version": "3.1.0",
          "resolved": "https://registry.npmjs.org/debug/-/debug-3.1.0.tgz",
          "integrity": "sha512-OX8XqP7/1a9cqkxYw2yXss15f26NKWBpDXQd0/uK/KPqdQhxbPa994hnzjcE2VqQpDslf55723cKPUOGSmMY3g==",
          "requires": {
            "ms": "2.0.0"
          }
        },
        "ms": {
          "version": "2.0.0",
          "resolved": "https://registry.npmjs.org/ms/-/ms-2.0.0.tgz",
          "integrity": "sha1-VgiurfwAvmwpAd9fmGF4jeDVl8g="
        }
      }
    },
    "pouchdb-errors": {
      "version": "6.4.3",
      "resolved": "https://registry.npmjs.org/pouchdb-errors/-/pouchdb-errors-6.4.3.tgz",
      "integrity": "sha512-EU83ZZJjorwGL9DQZ9HAILY8D+ulX2RYVMtsCfIuzaIJEUrHh/dhSIy5854n42NBOUWug3gFDyO58w5k+64HTQ==",
      "requires": {
        "inherits": "2.0.3"
      }
    },
    "pouchdb-find": {
      "version": "6.4.3",
      "resolved": "https://registry.npmjs.org/pouchdb-find/-/pouchdb-find-6.4.3.tgz",
      "integrity": "sha512-vWj30xgDXEevsSG3j0WOp6gUARWweZD6R22+e5RfT0f8oGf3WvRSbe04mUXcY/HbLSkJrV+tl/ZZ7/NdqGiEHg==",
      "requires": {
        "pouchdb-abstract-mapreduce": "6.4.3",
        "pouchdb-collate": "6.4.3",
        "pouchdb-md5": "6.4.3",
        "pouchdb-promise": "6.4.3",
        "pouchdb-selector-core": "6.4.3",
        "pouchdb-utils": "6.4.3"
      }
    },
    "pouchdb-json": {
      "version": "6.4.3",
      "resolved": "https://registry.npmjs.org/pouchdb-json/-/pouchdb-json-6.4.3.tgz",
      "integrity": "sha512-ou9tDxySHKQv7uU8BjggVjtzNdeim/IcGYhF4yyN2wj4HqJqlanG9l0Rab6tBkCR6px5Gt5e9yCoas5bBZqiGw==",
      "requires": {
        "vuvuzela": "1.0.3"
      }
    },
    "pouchdb-mapreduce-utils": {
      "version": "6.4.3",
      "resolved": "https://registry.npmjs.org/pouchdb-mapreduce-utils/-/pouchdb-mapreduce-utils-6.4.3.tgz",
      "integrity": "sha512-gbxX6h+nOKPDv2eYZznUthHiZ1Ml1xViE8DalEy6+fPzCba6CZ6dTKGZoFrBg4oLF3Wc+cUNX9Uk8cezVMGOhA==",
      "requires": {
        "argsarray": "0.0.1",
        "inherits": "2.0.3",
        "pouchdb-collections": "6.4.3",
        "pouchdb-utils": "6.4.3"
      }
    },
    "pouchdb-md5": {
      "version": "6.4.3",
      "resolved": "https://registry.npmjs.org/pouchdb-md5/-/pouchdb-md5-6.4.3.tgz",
      "integrity": "sha512-EnToEO+JLJA5bHDYWs42B8hU9Q1TckVozQjTSXL/pDXKXLATuVEKHNq8F/4lrpxblpngx4Zt8z2Luwu0etLSqw==",
      "requires": {
        "pouchdb-binary-utils": "6.4.3",
        "spark-md5": "3.0.0"
      }
    },
    "pouchdb-merge": {
      "version": "6.4.3",
      "resolved": "https://registry.npmjs.org/pouchdb-merge/-/pouchdb-merge-6.4.3.tgz",
      "integrity": "sha512-UuSpex/V1kNr1aXcmg+TQlOdjzMWc08AX/Ja6jrPq9J42M97UFF+7Ijx3JllxDK0j6QJZrvhpvjFzsRhFC4+zw=="
    },
    "pouchdb-promise": {
      "version": "6.4.3",
      "resolved": "https://registry.npmjs.org/pouchdb-promise/-/pouchdb-promise-6.4.3.tgz",
      "integrity": "sha512-ruJaSFXwzsxRHQfwNHjQfsj58LBOY1RzGzde4PM5CWINZwFjCQAhZwfMrch2o/0oZT6d+Xtt0HTWhq35p3b0qw==",
      "requires": {
        "lie": "3.1.1"
      }
    },
    "pouchdb-selector-core": {
      "version": "6.4.3",
      "resolved": "https://registry.npmjs.org/pouchdb-selector-core/-/pouchdb-selector-core-6.4.3.tgz",
      "integrity": "sha512-Wx+gPE2cC5AsuNQrelaWQV3J3U75MkcxIYsQeIBHaEth/WOxjQ3MTWGwKdyaNdVX8Opp8Sj7VFRIZpI+HubQ4g==",
      "requires": {
        "pouchdb-collate": "6.4.3",
        "pouchdb-utils": "6.4.3"
      }
    },
    "pouchdb-utils": {
      "version": "6.4.3",
      "resolved": "https://registry.npmjs.org/pouchdb-utils/-/pouchdb-utils-6.4.3.tgz",
      "integrity": "sha512-22QXh743YXl/afheeumrUKsO/0Q4Q8bvoboFp/1quXq//BDJa9nv55WUZX0l05t3VPW+nD/pse2FzU9cs3nEag==",
      "requires": {
        "argsarray": "0.0.1",
        "clone-buffer": "1.0.0",
        "immediate": "3.0.6",
        "inherits": "2.0.3",
        "pouchdb-collections": "6.4.3",
        "pouchdb-errors": "6.4.3",
        "pouchdb-promise": "6.4.3",
        "uuid": "3.2.1"
      }
    },
    "property-is-enumerable-x": {
      "version": "1.1.0",
      "resolved": "https://registry.npmjs.org/property-is-enumerable-x/-/property-is-enumerable-x-1.1.0.tgz",
      "integrity": "sha512-22cKy3w3OpRswU6to9iKWDDlg+F9vF2REcwGlGW23jyLjHb1U/jJEWA44sWupOnkhGfDgotU6Lw+N2oyhNi+5A==",
      "requires": {
        "to-object-x": "1.5.0",
        "to-property-key-x": "2.0.2"
      }
    },
    "regenerator-runtime": {
      "version": "0.11.1",
      "resolved": "https://registry.npmjs.org/regenerator-runtime/-/regenerator-runtime-0.11.1.tgz",
      "integrity": "sha512-MguG95oij0fC3QV3URf4V2SDYGJhJnJGqvIIgdECeODCT98wSWDAJ94SSuVpYQUoTcGUIL6L4yNB7j1DFFHSBg=="
    },
    "replace-comments-x": {
      "version": "2.0.0",
      "resolved": "https://registry.npmjs.org/replace-comments-x/-/replace-comments-x-2.0.0.tgz",
      "integrity": "sha512-+vMP4jqU+8HboLWms6YMNEiaZG5hh1oR6ENCnGYDF/UQ7aYiJUK/8tcl3+KZAHRCKKa3gqzrfiarlUBHQSgRlg==",
      "requires": {
        "require-coercible-to-string-x": "1.0.2",
        "to-string-x": "1.4.5"
      }
    },
    "require-coercible-to-string-x": {
      "version": "1.0.2",
      "resolved": "https://registry.npmjs.org/require-coercible-to-string-x/-/require-coercible-to-string-x-1.0.2.tgz",
      "integrity": "sha512-GZ3BSCL0n/zhho8ITganW9FGPh0Kxhq71nCjck8Qau/30Wf4Po8a3XpQdzEMFiXCwZ/0m0E3lKSdSG8gkcIofQ==",
      "requires": {
        "require-object-coercible-x": "1.4.3",
        "to-string-x": "1.4.5"
      }
    },
    "require-object-coercible-x": {
      "version": "1.4.3",
      "resolved": "https://registry.npmjs.org/require-object-coercible-x/-/require-object-coercible-x-1.4.3.tgz",
      "integrity": "sha512-5wEaS+NIiU5HLJQTqBQ+6XHtX7yplUS374j/H/nRDlc7rMWfENqp026jnUHWAOCZ+ekixkXuFHEnTF28oqqVLA==",
      "requires": {
        "is-nil-x": "1.4.2"
      }
    },
    "safe-buffer": {
      "version": "5.0.1",
      "resolved": "https://registry.npmjs.org/safe-buffer/-/safe-buffer-5.0.1.tgz",
      "integrity": "sha1-0mPKVGls2KMGtcplUekt5XkY++c="
    },
    "socket.io-client": {
      "version": "git+https://github.com/SuperTanker/socket.io-client.git#310afdafadb4cc97ca36c0b7b5c4bc39a1c859da",
      "requires": {
        "backo2": "1.0.2",
        "base64-arraybuffer": "0.1.5",
        "component-bind": "1.0.0",
        "component-emitter": "1.2.1",
        "debug": "2.6.4",
        "engine.io-client": "git+https://github.com/SuperTanker/engine.io-client.git#cfb6fa113fb5dc22e08777bd8fc6b6701f00ba67",
        "has-cors": "1.1.0",
        "indexof": "0.0.1",
        "object-component": "0.0.3",
        "parseqs": "0.0.5",
        "parseuri": "0.0.5",
        "socket.io-parser": "3.1.3",
        "to-array": "0.1.4"
      }
    },
    "socket.io-parser": {
      "version": "3.1.3",
      "resolved": "https://registry.npmjs.org/socket.io-parser/-/socket.io-parser-3.1.3.tgz",
      "integrity": "sha512-g0a2HPqLguqAczs3dMECuA1RgoGFPyvDqcbaDEdCWY9g59kdUAz3YRmaJBNKXflrHNwB7Q12Gkf/0CZXfdHR7g==",
      "requires": {
        "component-emitter": "1.2.1",
        "debug": "3.1.0",
        "has-binary2": "1.0.3",
        "isarray": "2.0.1"
      },
      "dependencies": {
        "debug": {
          "version": "3.1.0",
          "resolved": "https://registry.npmjs.org/debug/-/debug-3.1.0.tgz",
          "integrity": "sha512-OX8XqP7/1a9cqkxYw2yXss15f26NKWBpDXQd0/uK/KPqdQhxbPa994hnzjcE2VqQpDslf55723cKPUOGSmMY3g==",
          "requires": {
            "ms": "2.0.0"
          }
        },
        "ms": {
          "version": "2.0.0",
          "resolved": "https://registry.npmjs.org/ms/-/ms-2.0.0.tgz",
          "integrity": "sha1-VgiurfwAvmwpAd9fmGF4jeDVl8g="
        }
      }
    },
    "spark-md5": {
      "version": "3.0.0",
      "resolved": "https://registry.npmjs.org/spark-md5/-/spark-md5-3.0.0.tgz",
      "integrity": "sha1-NyIifFTi+vJLHcbZM8wUTm9xv+8="
    },
    "to-array": {
      "version": "0.1.4",
      "resolved": "https://registry.npmjs.org/to-array/-/to-array-0.1.4.tgz",
      "integrity": "sha1-F+bBH3PdTz10zaek/zI46a2b+JA="
    },
    "to-boolean-x": {
      "version": "1.0.3",
      "resolved": "https://registry.npmjs.org/to-boolean-x/-/to-boolean-x-1.0.3.tgz",
      "integrity": "sha512-kQiMyJUgFprL8J+0CfgJuaSFKJMs3EvFe27/6aj/hVzVZT0HY4aA1QjPldLNxzBmjhLcapp7CctYHuD8QqtS3g=="
    },
    "to-integer-x": {
      "version": "3.0.0",
      "resolved": "https://registry.npmjs.org/to-integer-x/-/to-integer-x-3.0.0.tgz",
      "integrity": "sha512-794L2Lpwjtynm7RxahJi2YdbRY75gTxUW27TMuN26UgwPkmJb/+HPhkFEFbz+E4vNoiP0dxq5tq5fkXoXLaK/w==",
      "requires": {
        "is-finite-x": "3.0.4",
        "is-nan-x": "1.0.3",
        "math-sign-x": "3.0.0",
        "to-number-x": "2.0.0"
      }
    },
    "to-number-x": {
      "version": "2.0.0",
      "resolved": "https://registry.npmjs.org/to-number-x/-/to-number-x-2.0.0.tgz",
      "integrity": "sha512-lGOnCoccUoSzjZ/9Uen8TC4+VFaQcFGhTroWTv2tYWxXgyJV1zqAZ8hEIMkez/Eo790fBMOjidTnQ/OJSCvAoQ==",
      "requires": {
        "cached-constructors-x": "1.0.2",
        "nan-x": "1.0.2",
        "parse-int-x": "2.0.0",
        "to-primitive-x": "1.1.0",
        "trim-x": "3.0.0"
      }
    },
    "to-object-x": {
      "version": "1.5.0",
      "resolved": "https://registry.npmjs.org/to-object-x/-/to-object-x-1.5.0.tgz",
      "integrity": "sha512-AKn5GQcdWky+s20vjWkt+Wa6y3dxQH3yQyMBhOfBOPldUwqwhgvlqcIg5H092ntNc+TX8/Cxzs1kMHH19pyCnA==",
      "requires": {
        "cached-constructors-x": "1.0.2",
        "require-object-coercible-x": "1.4.3"
      }
    },
    "to-primitive-x": {
      "version": "1.1.0",
      "resolved": "https://registry.npmjs.org/to-primitive-x/-/to-primitive-x-1.1.0.tgz",
      "integrity": "sha512-gyMY0gi3wjK3e4MUBKqv9Zl8QGcWguIkaUr2VJmoBEsOpDcpDZSEyljR773eVG4maS48uX7muLkoQoh/BA82OQ==",
      "requires": {
        "has-symbol-support-x": "1.4.2",
        "is-date-object": "1.0.1",
        "is-function-x": "3.3.0",
        "is-nil-x": "1.4.2",
        "is-primitive": "2.0.0",
        "is-symbol": "1.0.1",
        "require-object-coercible-x": "1.4.3",
        "validate.io-undefined": "1.0.3"
      },
      "dependencies": {
        "is-primitive": {
          "version": "2.0.0",
          "resolved": "https://registry.npmjs.org/is-primitive/-/is-primitive-2.0.0.tgz",
          "integrity": "sha1-IHurkWOEmcB7Kt8kCkGochADRXU="
        }
      }
    },
    "to-property-key-x": {
      "version": "2.0.2",
      "resolved": "https://registry.npmjs.org/to-property-key-x/-/to-property-key-x-2.0.2.tgz",
      "integrity": "sha512-YISLpZFYIazNm0P8hLsKEEUEZ3m8U3+eDysJZqTu3+B9tQp+2TrMpaEGT8Agh4fZ5LSoums60/glNEzk5ozqrg==",
      "requires": {
        "has-symbol-support-x": "1.4.2",
        "to-primitive-x": "1.1.0",
        "to-string-x": "1.4.5"
      }
    },
    "to-string-symbols-supported-x": {
      "version": "1.0.2",
      "resolved": "https://registry.npmjs.org/to-string-symbols-supported-x/-/to-string-symbols-supported-x-1.0.2.tgz",
      "integrity": "sha512-3MRqhIhSNVDsVAk4M6WNcuBZrAQe54W13xrXX6RzxXS+pA4nj6DQ96RegQS5z9BSNyYbFsBsPvMVDIpP+a/5RA==",
      "requires": {
        "cached-constructors-x": "1.0.2",
        "has-symbol-support-x": "1.4.2",
        "is-symbol": "1.0.1"
      }
    },
    "to-string-tag-x": {
      "version": "1.4.3",
      "resolved": "https://registry.npmjs.org/to-string-tag-x/-/to-string-tag-x-1.4.3.tgz",
      "integrity": "sha512-5+0EZ6dOVt/XArXmkooxPzWxmOR081HM/uXitUow7h11WYg5pPo15uYqDWuqO7ZY+O3Atn/dG26wcJCK+mFevg==",
      "requires": {
        "lodash.isnull": "3.0.0",
        "validate.io-undefined": "1.0.3"
      }
    },
    "to-string-x": {
      "version": "1.4.5",
      "resolved": "https://registry.npmjs.org/to-string-x/-/to-string-x-1.4.5.tgz",
      "integrity": "sha512-5xzlZDyDa9BUWNjNzZzHgKQ95PnV7qjvEhbqpFaj1ixaHgfJXOFaa3xdMJ+WLYd4hhaMJaxt8Pt5uKaWXfruXA==",
      "requires": {
        "cached-constructors-x": "1.0.2",
        "is-symbol": "1.0.1"
      }
    },
    "trim-left-x": {
      "version": "3.0.0",
      "resolved": "https://registry.npmjs.org/trim-left-x/-/trim-left-x-3.0.0.tgz",
      "integrity": "sha512-+m6cqkppI+CxQBTwWEZliOHpOBnCArGyMnS1WCLb6IRgukhTkiQu/TNEN5Lj2eM9jk8ewJsc7WxFZfmwNpRXWQ==",
      "requires": {
        "cached-constructors-x": "1.0.2",
        "require-coercible-to-string-x": "1.0.2",
        "white-space-x": "3.0.1"
      }
    },
    "trim-right-x": {
      "version": "3.0.0",
      "resolved": "https://registry.npmjs.org/trim-right-x/-/trim-right-x-3.0.0.tgz",
      "integrity": "sha512-iIqEsWEbWVodqdixJHi4FoayJkUxhoL4AvSNGp4FF4FfQKRPGizt8++/RnyC9od75y7P/S6EfONoVqP+NddiKA==",
      "requires": {
        "cached-constructors-x": "1.0.2",
        "require-coercible-to-string-x": "1.0.2",
        "white-space-x": "3.0.1"
      }
    },
    "trim-x": {
      "version": "3.0.0",
      "resolved": "https://registry.npmjs.org/trim-x/-/trim-x-3.0.0.tgz",
      "integrity": "sha512-w8s38RAUScQ6t3XqMkS75iz5ZkIYLQpVnv2lp3IuTS36JdlVzC54oe6okOf4Wz3UH4rr3XAb2xR3kR5Xei82fw==",
      "requires": {
        "trim-left-x": "3.0.0",
        "trim-right-x": "3.0.0"
      }
    },
    "ultron": {
      "version": "1.1.1",
      "resolved": "https://registry.npmjs.org/ultron/-/ultron-1.1.1.tgz",
      "integrity": "sha512-UIEXBNeYmKptWH6z8ZnqTeS8fV74zG0/eRU9VGkpzz+LIJNs8W/zM/L+7ctCkRrgbNnnR0xxw4bKOr0cW0N0Og=="
    },
    "uuid": {
      "version": "3.2.1",
      "resolved": "https://registry.npmjs.org/uuid/-/uuid-3.2.1.tgz",
      "integrity": "sha512-jZnMwlb9Iku/O3smGWvZhauCf6cvvpKi4BKRiliS3cxnI+Gz9j5MEpTz2UFuXiKPJocb7gnsLHwiS05ige5BEA=="
    },
    "validate.io-undefined": {
      "version": "1.0.3",
      "resolved": "https://registry.npmjs.org/validate.io-undefined/-/validate.io-undefined-1.0.3.tgz",
      "integrity": "sha1-fif8uzFbhB54JDQxiXZxkp4gt/Q="
    },
    "varint": {
      "version": "5.0.0",
      "resolved": "https://registry.npmjs.org/varint/-/varint-5.0.0.tgz",
      "integrity": "sha1-2Ca4n3SQcy+rwMDtaT7Uddyynr8="
    },
    "vuvuzela": {
      "version": "1.0.3",
      "resolved": "https://registry.npmjs.org/vuvuzela/-/vuvuzela-1.0.3.tgz",
      "integrity": "sha1-O+FF5YJxxzylUnndhR8SpoIRSws="
    },
    "white-space-x": {
      "version": "3.0.1",
      "resolved": "https://registry.npmjs.org/white-space-x/-/white-space-x-3.0.1.tgz",
      "integrity": "sha512-BwMFXQNPna/4RsNPOgldVYn+FkEv+lc3wUiFzuaW6Z2DH/oSk1UrRD6SBqDgWQO4JU+aBq3PVuPD9Vz0j7mh0w=="
    },
    "ws": {
      "version": "2.3.1",
      "resolved": "https://registry.npmjs.org/ws/-/ws-2.3.1.tgz",
      "integrity": "sha1-a5Sz5EfLajY/eF6vlK9jWejoHIA=",
      "requires": {
        "safe-buffer": "5.0.1",
        "ultron": "1.1.1"
      }
    },
    "xmlhttprequest-ssl": {
      "version": "1.5.3",
      "resolved": "https://registry.npmjs.org/xmlhttprequest-ssl/-/xmlhttprequest-ssl-1.5.3.tgz",
      "integrity": "sha1-GFqIjATspGw+QHDZn3tJ3jUomS0="
    },
    "yeast": {
      "version": "0.1.2",
      "resolved": "https://registry.npmjs.org/yeast/-/yeast-0.1.2.tgz",
      "integrity": "sha1-AI4G2AlDIMNy28L47XagymyKxBk="
    }
  }
}
